
Microsoft Visual Studio Solution File, Format Version 12.00
# Visual Studio Version 16
VisualStudioVersion = 16.0.29920.165
MinimumVisualStudioVersion = 10.0.40219.1
Project("{FAE04EC0-301F-11D3-BF4B-00C04F79EFBC}") = "ProjectControlSystem", "ProjectControlSystem\ProjectControlSystem.csproj", "{7484F16E-5649-46CE-A1F3-FE24EAAF543A}"
EndProject
Project("{2150E333-8FDC-42A3-9474-1A3956D46DE8}") = "Клиент", "Клиент", "{DC44896A-4C87-4336-AFB7-69421AB4F677}"
EndProject
Project("{2150E333-8FDC-42A3-9474-1A3956D46DE8}") = "Сервер", "Сервер", "{85336FF8-36DA-4A11-ACA1-EADF64071C69}"
EndProject
Project("{FAE04EC0-301F-11D3-BF4B-00C04F79EFBC}") = "AgrStorage", "Server\AgrStorage\AgrStorage.csproj", "{F2B3CC2E-D4B1-4874-9EF0-95070580967E}"
EndProject
Project("{FAE04EC0-301F-11D3-BF4B-00C04F79EFBC}") = "AgrLib", "Server\AgrLib\AgrLib.csproj", "{2163A2A3-DCE6-40CD-A469-EE9E1903BB9C}"
EndProject
Project("{FAE04EC0-301F-11D3-BF4B-00C04F79EFBC}") = "AgrClient", "Server\AgrClient\AgrClient.csproj", "{FECD3D22-CA03-43AF-92E9-76EBD89DBF1E}"
EndProject
Project("{FAE04EC0-301F-11D3-BF4B-00C04F79EFBC}") = "AgrServer", "Server\AgrServer\AgrServer.csproj", "{8976517E-3A09-4907-8E29-BEC7378F72B7}"
EndProject
Project("{2150E333-8FDC-42A3-9474-1A3956D46DE8}") = "Общее", "Общее", "{4DD49382-2435-4D1B-9EC3-CCBF419F8C80}"
EndProject
Project("{2150E333-8FDC-42A3-9474-1A3956D46DE8}") = "Тест", "Тест", "{359E4D76-C446-4100-8D62-032348B990A3}"
EndProject
Project("{FAE04EC0-301F-11D3-BF4B-00C04F79EFBC}") = "TestProject", "TestProject\TestProject.csproj", "{4395D15C-C44A-4120-9BE2-47D83B657190}"
EndProject
Project("{FAE04EC0-301F-11D3-BF4B-00C04F79EFBC}") = "PostTest", "PostTest\PostTest.csproj", "{8649E3AD-52DB-4626-A55A-FFFC3B038601}"
EndProject
Global
	GlobalSection(SolutionConfigurationPlatforms) = preSolution
		Debug|Any CPU = Debug|Any CPU
		Release|Any CPU = Release|Any CPU
	EndGlobalSection
	GlobalSection(ProjectConfigurationPlatforms) = postSolution
		{7484F16E-5649-46CE-A1F3-FE24EAAF543A}.Debug|Any CPU.ActiveCfg = Debug|Any CPU
		{7484F16E-5649-46CE-A1F3-FE24EAAF543A}.Debug|Any CPU.Build.0 = Debug|Any CPU
		{7484F16E-5649-46CE-A1F3-FE24EAAF543A}.Release|Any CPU.ActiveCfg = Release|Any CPU
		{7484F16E-5649-46CE-A1F3-FE24EAAF543A}.Release|Any CPU.Build.0 = Release|Any CPU
		{F2B3CC2E-D4B1-4874-9EF0-95070580967E}.Debug|Any CPU.ActiveCfg = Debug|Any CPU
		{F2B3CC2E-D4B1-4874-9EF0-95070580967E}.Debug|Any CPU.Build.0 = Debug|Any CPU
		{F2B3CC2E-D4B1-4874-9EF0-95070580967E}.Release|Any CPU.ActiveCfg = Release|Any CPU
		{F2B3CC2E-D4B1-4874-9EF0-95070580967E}.Release|Any CPU.Build.0 = Release|Any CPU
		{2163A2A3-DCE6-40CD-A469-EE9E1903BB9C}.Debug|Any CPU.ActiveCfg = Debug|Any CPU
		{2163A2A3-DCE6-40CD-A469-EE9E1903BB9C}.Debug|Any CPU.Build.0 = Debug|Any CPU
		{2163A2A3-DCE6-40CD-A469-EE9E1903BB9C}.Release|Any CPU.ActiveCfg = Release|Any CPU
		{2163A2A3-DCE6-40CD-A469-EE9E1903BB9C}.Release|Any CPU.Build.0 = Release|Any CPU
		{FECD3D22-CA03-43AF-92E9-76EBD89DBF1E}.Debug|Any CPU.ActiveCfg = Debug|Any CPU
		{FECD3D22-CA03-43AF-92E9-76EBD89DBF1E}.Debug|Any CPU.Build.0 = Debug|Any CPU
		{FECD3D22-CA03-43AF-92E9-76EBD89DBF1E}.Release|Any CPU.ActiveCfg = Release|Any CPU
		{FECD3D22-CA03-43AF-92E9-76EBD89DBF1E}.Release|Any CPU.Build.0 = Release|Any CPU
		{8976517E-3A09-4907-8E29-BEC7378F72B7}.Debug|Any CPU.ActiveCfg = Debug|Any CPU
		{8976517E-3A09-4907-8E29-BEC7378F72B7}.Debug|Any CPU.Build.0 = Debug|Any CPU
		{8976517E-3A09-4907-8E29-BEC7378F72B7}.Release|Any CPU.ActiveCfg = Release|Any CPU
		{8976517E-3A09-4907-8E29-BEC7378F72B7}.Release|Any CPU.Build.0 = Release|Any CPU
		{4395D15C-C44A-4120-9BE2-47D83B657190}.Debug|Any CPU.ActiveCfg = Debug|Any CPU
		{4395D15C-C44A-4120-9BE2-47D83B657190}.Debug|Any CPU.Build.0 = Debug|Any CPU
		{4395D15C-C44A-4120-9BE2-47D83B657190}.Release|Any CPU.ActiveCfg = Release|Any CPU
		{4395D15C-C44A-4120-9BE2-47D83B657190}.Release|Any CPU.Build.0 = Release|Any CPU
		{8649E3AD-52DB-4626-A55A-FFFC3B038601}.Debug|Any CPU.ActiveCfg = Debug|Any CPU
		{8649E3AD-52DB-4626-A55A-FFFC3B038601}.Debug|Any CPU.Build.0 = Debug|Any CPU
		{8649E3AD-52DB-4626-A55A-FFFC3B038601}.Release|Any CPU.ActiveCfg = Release|Any CPU
		{8649E3AD-52DB-4626-A55A-FFFC3B038601}.Release|Any CPU.Build.0 = Release|Any CPU
	EndGlobalSection
	GlobalSection(SolutionProperties) = preSolution
		HideSolutionNode = FALSE
	EndGlobalSection
	GlobalSection(NestedProjects) = preSolution
		{7484F16E-5649-46CE-A1F3-FE24EAAF543A} = {DC44896A-4C87-4336-AFB7-69421AB4F677}
		{F2B3CC2E-D4B1-4874-9EF0-95070580967E} = {85336FF8-36DA-4A11-ACA1-EADF64071C69}
		{2163A2A3-DCE6-40CD-A469-EE9E1903BB9C} = {4DD49382-2435-4D1B-9EC3-CCBF419F8C80}
		{FECD3D22-CA03-43AF-92E9-76EBD89DBF1E} = {85336FF8-36DA-4A11-ACA1-EADF64071C69}
		{8976517E-3A09-4907-8E29-BEC7378F72B7} = {85336FF8-36DA-4A11-ACA1-EADF64071C69}
		{4395D15C-C44A-4120-9BE2-47D83B657190} = {359E4D76-C446-4100-8D62-032348B990A3}
		{8649E3AD-52DB-4626-A55A-FFFC3B038601} = {359E4D76-C446-4100-8D62-032348B990A3}
	EndGlobalSection
	GlobalSection(ExtensibilityGlobals) = postSolution
		SolutionGuid = {F694D668-5B7D-4284-8AE6-FDD5246280BE}
	EndGlobalSection
EndGlobal
